
Microsoft Visual Studio Solution File, Format Version 12.00
# Visual Studio Version 17
VisualStudioVersion = 17.7.34024.191
MinimumVisualStudioVersion = 10.0.40219.1
Project("{2150E333-8FDC-42A3-9474-1A3956D46DE8}") = "src", "src", "{86A9215E-42F6-4814-AB5C-2A9B161C3C51}"
EndProject
Project("{2150E333-8FDC-42A3-9474-1A3956D46DE8}") = "Test", "Test", "{B63B4C62-2C76-4E68-929B-335A13932E00}"
EndProject
Project("{2150E333-8FDC-42A3-9474-1A3956D46DE8}") = "Api", "Api", "{A4C40E9C-280B-4547-9CC5-195B6172953F}"
EndProject
Project("{9A19103F-16F7-4668-BE54-9A1E7A4F7556}") = "CnD.CommunalPayments3.Back.Api", "CnD.CommunalPayments3.Back.Api\CnD.CommunalPayments3.Back.Api.csproj", "{6651661F-CB44-48D5-A238-F2F222418F4B}"
EndProject
Project("{2150E333-8FDC-42A3-9474-1A3956D46DE8}") = "Services", "Services", "{299626AF-FBE6-4CA7-AB1E-4771EEBE433B}"
EndProject
Project("{9A19103F-16F7-4668-BE54-9A1E7A4F7556}") = "CnD.CommunalPayments3.Back.CommonServices", "CnD.CommunalPayments3.Back.CommonServices\CnD.CommunalPayments3.Back.CommonServices.csproj", "{CDF8FA1B-37D4-42E0-AFDF-1C7AE4CA479C}"
EndProject
Project("{2150E333-8FDC-42A3-9474-1A3956D46DE8}") = "DataAccessLayer", "DataAccessLayer", "{C2EDB3DC-6678-44E8-9747-372EA4EF747A}"
EndProject
Project("{9A19103F-16F7-4668-BE54-9A1E7A4F7556}") = "CnD.CommunalPayments3.Back.DataLayer.Infrastructure", "CnD.CommunalPayments3.Back.DataLayer.Infrastructure\CnD.CommunalPayments3.Back.DataLayer.Infrastructure.csproj", "{A68D4741-FB6E-4F23-8016-2923B3B89E1A}"
EndProject
Project("{9A19103F-16F7-4668-BE54-9A1E7A4F7556}") = "CnD.CommunalPayments3.Back.Api.Models", "CnD.CommunalPayments3.Back.Api.Models\CnD.CommunalPayments3.Back.Api.Models.csproj", "{AA614196-3CF1-46FC-AE88-7C32CEB7BC83}"
EndProject
Project("{2150E333-8FDC-42A3-9474-1A3956D46DE8}") = "Doman", "Doman", "{06295A31-6F9A-4287-A4A9-BFA8DA0AED4C}"
EndProject
Project("{9A19103F-16F7-4668-BE54-9A1E7A4F7556}") = "CnD.CommunalPayments3.Back.Doman", "CnD.CommunalPayments3.Back.Doman\CnD.CommunalPayments3.Back.Doman.csproj", "{F1CCC66A-ED3F-4315-B496-016367CDE88D}"
EndProject
Project("{9A19103F-16F7-4668-BE54-9A1E7A4F7556}") = "CnD.CommunalPayments3.Back.DataLayer.DI", "CnD.CommunalPayments3.Back.DataLayer.DI\CnD.CommunalPayments3.Back.DataLayer.DI.csproj", "{4ED3E23F-377D-4B97-A0A3-57F1158A9F19}"
EndProject
Global
	GlobalSection(SolutionConfigurationPlatforms) = preSolution
		Debug|Any CPU = Debug|Any CPU
		Release|Any CPU = Release|Any CPU
	EndGlobalSection
	GlobalSection(ProjectConfigurationPlatforms) = postSolution
		{6651661F-CB44-48D5-A238-F2F222418F4B}.Debug|Any CPU.ActiveCfg = Debug|Any CPU
		{6651661F-CB44-48D5-A238-F2F222418F4B}.Debug|Any CPU.Build.0 = Debug|Any CPU
		{6651661F-CB44-48D5-A238-F2F222418F4B}.Release|Any CPU.ActiveCfg = Release|Any CPU
		{6651661F-CB44-48D5-A238-F2F222418F4B}.Release|Any CPU.Build.0 = Release|Any CPU
		{CDF8FA1B-37D4-42E0-AFDF-1C7AE4CA479C}.Debug|Any CPU.ActiveCfg = Debug|Any CPU
		{CDF8FA1B-37D4-42E0-AFDF-1C7AE4CA479C}.Debug|Any CPU.Build.0 = Debug|Any CPU
		{CDF8FA1B-37D4-42E0-AFDF-1C7AE4CA479C}.Release|Any CPU.ActiveCfg = Release|Any CPU
		{CDF8FA1B-37D4-42E0-AFDF-1C7AE4CA479C}.Release|Any CPU.Build.0 = Release|Any CPU
		{A68D4741-FB6E-4F23-8016-2923B3B89E1A}.Debug|Any CPU.ActiveCfg = Debug|Any CPU
		{A68D4741-FB6E-4F23-8016-2923B3B89E1A}.Debug|Any CPU.Build.0 = Debug|Any CPU
		{A68D4741-FB6E-4F23-8016-2923B3B89E1A}.Release|Any CPU.ActiveCfg = Release|Any CPU
		{A68D4741-FB6E-4F23-8016-2923B3B89E1A}.Release|Any CPU.Build.0 = Release|Any CPU
		{AA614196-3CF1-46FC-AE88-7C32CEB7BC83}.Debug|Any CPU.ActiveCfg = Debug|Any CPU
		{AA614196-3CF1-46FC-AE88-7C32CEB7BC83}.Debug|Any CPU.Build.0 = Debug|Any CPU
		{AA614196-3CF1-46FC-AE88-7C32CEB7BC83}.Release|Any CPU.ActiveCfg = Release|Any CPU
		{AA614196-3CF1-46FC-AE88-7C32CEB7BC83}.Release|Any CPU.Build.0 = Release|Any CPU
		{F1CCC66A-ED3F-4315-B496-016367CDE88D}.Debug|Any CPU.ActiveCfg = Debug|Any CPU
		{F1CCC66A-ED3F-4315-B496-016367CDE88D}.Debug|Any CPU.Build.0 = Debug|Any CPU
		{F1CCC66A-ED3F-4315-B496-016367CDE88D}.Release|Any CPU.ActiveCfg = Release|Any CPU
		{F1CCC66A-ED3F-4315-B496-016367CDE88D}.Release|Any CPU.Build.0 = Release|Any CPU
		{4ED3E23F-377D-4B97-A0A3-57F1158A9F19}.Debug|Any CPU.ActiveCfg = Debug|Any CPU
		{4ED3E23F-377D-4B97-A0A3-57F1158A9F19}.Debug|Any CPU.Build.0 = Debug|Any CPU
		{4ED3E23F-377D-4B97-A0A3-57F1158A9F19}.Release|Any CPU.ActiveCfg = Release|Any CPU
		{4ED3E23F-377D-4B97-A0A3-57F1158A9F19}.Release|Any CPU.Build.0 = Release|Any CPU
	EndGlobalSection
	GlobalSection(SolutionProperties) = preSolution
		HideSolutionNode = FALSE
	EndGlobalSection
	GlobalSection(NestedProjects) = preSolution
		{A4C40E9C-280B-4547-9CC5-195B6172953F} = {86A9215E-42F6-4814-AB5C-2A9B161C3C51}
		{6651661F-CB44-48D5-A238-F2F222418F4B} = {A4C40E9C-280B-4547-9CC5-195B6172953F}
		{299626AF-FBE6-4CA7-AB1E-4771EEBE433B} = {86A9215E-42F6-4814-AB5C-2A9B161C3C51}
		{CDF8FA1B-37D4-42E0-AFDF-1C7AE4CA479C} = {299626AF-FBE6-4CA7-AB1E-4771EEBE433B}
		{C2EDB3DC-6678-44E8-9747-372EA4EF747A} = {86A9215E-42F6-4814-AB5C-2A9B161C3C51}
		{A68D4741-FB6E-4F23-8016-2923B3B89E1A} = {C2EDB3DC-6678-44E8-9747-372EA4EF747A}
		{AA614196-3CF1-46FC-AE88-7C32CEB7BC83} = {A4C40E9C-280B-4547-9CC5-195B6172953F}
		{06295A31-6F9A-4287-A4A9-BFA8DA0AED4C} = {86A9215E-42F6-4814-AB5C-2A9B161C3C51}
		{F1CCC66A-ED3F-4315-B496-016367CDE88D} = {06295A31-6F9A-4287-A4A9-BFA8DA0AED4C}
		{4ED3E23F-377D-4B97-A0A3-57F1158A9F19} = {C2EDB3DC-6678-44E8-9747-372EA4EF747A}
	EndGlobalSection
EndGlobal
